
Microsoft Visual Studio Solution File, Format Version 12.00
# Visual Studio Version 16
VisualStudioVersion = 16.0.29709.97
MinimumVisualStudioVersion = 10.0.40219.1
Project("{2150E333-8FDC-42A3-9474-1A3956D46DE8}") = "src", "src", "{98DB23A3-E93C-49E1-A45D-996F67547D94}"
EndProject
Project("{2150E333-8FDC-42A3-9474-1A3956D46DE8}") = "1 - Application", "1 - Application", "{0909DDCA-B375-4F48-B21F-1F8F688DB61A}"
EndProject
Project("{2150E333-8FDC-42A3-9474-1A3956D46DE8}") = "2 - Domain", "2 - Domain", "{FA9C227E-4C36-435A-8111-F778C160FEF1}"
EndProject
Project("{2150E333-8FDC-42A3-9474-1A3956D46DE8}") = "3 - Service", "3 - Service", "{73F5F8BD-5640-4935-A52F-7AC991697AE4}"
EndProject
Project("{2150E333-8FDC-42A3-9474-1A3956D46DE8}") = "4 - Infra", "4 - Infra", "{2A6D46F3-C6FE-4DBB-8859-79169700A4C7}"
EndProject
Project("{FAE04EC0-301F-11D3-BF4B-00C04F79EFBC}") = "CRMALL.Domain", "CRMALL.Domain\CRMALL.Domain.csproj", "{2FE2B719-3654-45A4-B1A9-8F7B802FF0E9}"
EndProject
Project("{FAE04EC0-301F-11D3-BF4B-00C04F79EFBC}") = "CRMALL.Service", "CRMALL.Service\CRMALL.Service.csproj", "{34F41401-6710-492A-B42C-BC88A5A38312}"
EndProject
Project("{2150E333-8FDC-42A3-9474-1A3956D46DE8}") = "4.1 - Data", "4.1 - Data", "{328B4DD7-F8F7-4B17-BCF7-329ADB0AB2B0}"
EndProject
Project("{2150E333-8FDC-42A3-9474-1A3956D46DE8}") = "4.2 - CrossCutting", "4.2 - CrossCutting", "{63A117A0-1A67-4E38-90D7-1698D1F363F2}"
EndProject
Project("{FAE04EC0-301F-11D3-BF4B-00C04F79EFBC}") = "CRMALL.Infra.Data", "CRMALL.Infra.Data\CRMALL.Infra.Data.csproj", "{5B993C4A-A66D-473D-93C6-D1F651C7A2EA}"
EndProject
Project("{FAE04EC0-301F-11D3-BF4B-00C04F79EFBC}") = "CRMALL.Infra.CrossCutting.IoC", "CRMALL.Infra.CrossCutting.IoC\CRMALL.Infra.CrossCutting.IoC.csproj", "{4F7F0E97-9E69-4ACC-A2CF-18AD248B68F8}"
EndProject
Project("{FAE04EC0-301F-11D3-BF4B-00C04F79EFBC}") = "CRMALL.Application", "CRMALL.Application\CRMALL.Application.csproj", "{26003879-EBCC-4E1B-9412-5AF58213A87E}"
EndProject
Global
	GlobalSection(SolutionConfigurationPlatforms) = preSolution
		Debug|Any CPU = Debug|Any CPU
		Release|Any CPU = Release|Any CPU
	EndGlobalSection
	GlobalSection(ProjectConfigurationPlatforms) = postSolution
		{2FE2B719-3654-45A4-B1A9-8F7B802FF0E9}.Debug|Any CPU.ActiveCfg = Debug|Any CPU
		{2FE2B719-3654-45A4-B1A9-8F7B802FF0E9}.Debug|Any CPU.Build.0 = Debug|Any CPU
		{2FE2B719-3654-45A4-B1A9-8F7B802FF0E9}.Release|Any CPU.ActiveCfg = Release|Any CPU
		{2FE2B719-3654-45A4-B1A9-8F7B802FF0E9}.Release|Any CPU.Build.0 = Release|Any CPU
		{34F41401-6710-492A-B42C-BC88A5A38312}.Debug|Any CPU.ActiveCfg = Debug|Any CPU
		{34F41401-6710-492A-B42C-BC88A5A38312}.Debug|Any CPU.Build.0 = Debug|Any CPU
		{34F41401-6710-492A-B42C-BC88A5A38312}.Release|Any CPU.ActiveCfg = Release|Any CPU
		{34F41401-6710-492A-B42C-BC88A5A38312}.Release|Any CPU.Build.0 = Release|Any CPU
		{5B993C4A-A66D-473D-93C6-D1F651C7A2EA}.Debug|Any CPU.ActiveCfg = Debug|Any CPU
		{5B993C4A-A66D-473D-93C6-D1F651C7A2EA}.Debug|Any CPU.Build.0 = Debug|Any CPU
		{5B993C4A-A66D-473D-93C6-D1F651C7A2EA}.Release|Any CPU.ActiveCfg = Release|Any CPU
		{5B993C4A-A66D-473D-93C6-D1F651C7A2EA}.Release|Any CPU.Build.0 = Release|Any CPU
		{4F7F0E97-9E69-4ACC-A2CF-18AD248B68F8}.Debug|Any CPU.ActiveCfg = Debug|Any CPU
		{4F7F0E97-9E69-4ACC-A2CF-18AD248B68F8}.Debug|Any CPU.Build.0 = Debug|Any CPU
		{4F7F0E97-9E69-4ACC-A2CF-18AD248B68F8}.Release|Any CPU.ActiveCfg = Release|Any CPU
		{4F7F0E97-9E69-4ACC-A2CF-18AD248B68F8}.Release|Any CPU.Build.0 = Release|Any CPU
		{26003879-EBCC-4E1B-9412-5AF58213A87E}.Debug|Any CPU.ActiveCfg = Debug|Any CPU
		{26003879-EBCC-4E1B-9412-5AF58213A87E}.Debug|Any CPU.Build.0 = Debug|Any CPU
		{26003879-EBCC-4E1B-9412-5AF58213A87E}.Release|Any CPU.ActiveCfg = Release|Any CPU
		{26003879-EBCC-4E1B-9412-5AF58213A87E}.Release|Any CPU.Build.0 = Release|Any CPU
	EndGlobalSection
	GlobalSection(SolutionProperties) = preSolution
		HideSolutionNode = FALSE
	EndGlobalSection
	GlobalSection(NestedProjects) = preSolution
		{0909DDCA-B375-4F48-B21F-1F8F688DB61A} = {98DB23A3-E93C-49E1-A45D-996F67547D94}
		{FA9C227E-4C36-435A-8111-F778C160FEF1} = {98DB23A3-E93C-49E1-A45D-996F67547D94}
		{73F5F8BD-5640-4935-A52F-7AC991697AE4} = {98DB23A3-E93C-49E1-A45D-996F67547D94}
		{2A6D46F3-C6FE-4DBB-8859-79169700A4C7} = {98DB23A3-E93C-49E1-A45D-996F67547D94}
		{2FE2B719-3654-45A4-B1A9-8F7B802FF0E9} = {FA9C227E-4C36-435A-8111-F778C160FEF1}
		{34F41401-6710-492A-B42C-BC88A5A38312} = {73F5F8BD-5640-4935-A52F-7AC991697AE4}
		{328B4DD7-F8F7-4B17-BCF7-329ADB0AB2B0} = {2A6D46F3-C6FE-4DBB-8859-79169700A4C7}
		{63A117A0-1A67-4E38-90D7-1698D1F363F2} = {2A6D46F3-C6FE-4DBB-8859-79169700A4C7}
		{5B993C4A-A66D-473D-93C6-D1F651C7A2EA} = {328B4DD7-F8F7-4B17-BCF7-329ADB0AB2B0}
		{4F7F0E97-9E69-4ACC-A2CF-18AD248B68F8} = {63A117A0-1A67-4E38-90D7-1698D1F363F2}
		{26003879-EBCC-4E1B-9412-5AF58213A87E} = {0909DDCA-B375-4F48-B21F-1F8F688DB61A}
	EndGlobalSection
	GlobalSection(ExtensibilityGlobals) = postSolution
		SolutionGuid = {EA44624E-9320-40B9-A1C5-2BAEB6D53900}
	EndGlobalSection
EndGlobal
